{
  "name": "ani",
  "version": "1.0.0",
  "lockfileVersion": 3,
  "requires": true,
  "packages": {
    "": {
      "name": "ani",
      "version": "1.0.0",
      "license": "ISC",
      "dependencies": {
        "ani-cursor": "^0.0.5",
        "ico-to-png": "^0.2.2"
      }
    },
    "node_modules/@canvas/image-data": {
      "version": "1.0.0",
      "resolved": "https://registry.npmmirror.com/@canvas/image-data/-/image-data-1.0.0.tgz",
      "integrity": "sha512-BxOqI5LgsIQP1odU5KMwV9yoijleOPzHL18/YvNqF9KFSGF2K/DLlYAbDQsWqd/1nbaFuSkYD/191dpMtNh4vw=="
    },
    "node_modules/ani-cursor": {
      "version": "0.0.5",
      "resolved": "https://registry.npmmirror.com/ani-cursor/-/ani-cursor-0.0.5.tgz",
      "integrity": "sha512-gGxst72lG9TOwEfbVpX9vHhzUGw+4Ee2XB6AfYq5JP+bxBtpAjgnTBepCVxYF5t1TPrWHN23nWqLTflJOA3/ag==",
      "dependencies": {
        "byte-data": "18.1.1",
        "riff-file": "^1.0.3"
      }
    },
    "node_modules/byte-data": {
      "version": "18.1.1",
      "resolved": "https://registry.npmmirror.com/byte-data/-/byte-data-18.1.1.tgz",
      "integrity": "sha512-Kv/B0r7adgnCcrs/y703sac2XFLdHW5kPfis1j8+Ij/hmEcWhBKf+1pNTv+vsNqXb207Uiyri8bpnogNxR/4Lg==",
      "dependencies": {
        "endianness": "^8.0.2",
        "ieee754-buffer": "^2.0.0",
        "utf8-buffer": "^1.0.0"
      },
      "engines": {
        "node": ">=8"
      }
    },
    "node_modules/decode-bmp": {
      "version": "0.2.1",
      "resolved": "https://registry.npmmirror.com/decode-bmp/-/decode-bmp-0.2.1.tgz",
      "integrity": "sha512-NiOaGe+GN0KJqi2STf24hfMkFitDUaIoUU3eKvP/wAbLe8o6FuW5n/x7MHPR0HKvBokp6MQY/j7w8lewEeVCIA==",
      "dependencies": {
        "@canvas/image-data": "^1.0.0",
        "to-data-view": "^1.1.0"
      },
      "engines": {
        "node": ">=8.6.0"
      }
    },
    "node_modules/decode-ico": {
      "version": "0.4.1",
      "resolved": "https://registry.npmmirror.com/decode-ico/-/decode-ico-0.4.1.tgz",
      "integrity": "sha512-69NZfbKIzux1vBOd31al3XnMnH+2mqDhEgLdpygErm4d60N+UwA5Sq5WFjmEDQzumgB9fElojGwWG0vybVfFmA==",
      "dependencies": {
        "@canvas/image-data": "^1.0.0",
        "decode-bmp": "^0.2.0",
        "to-data-view": "^1.1.0"
      },
      "engines": {
        "node": ">=8.6"
      }
    },
    "node_modules/endianness": {
      "version": "8.0.2",
      "resolved": "https://registry.npmmirror.com/endianness/-/endianness-8.0.2.tgz",
      "integrity": "sha512-IU+77+jJ7lpw2qZ3NUuqBZFy3GuioNgXUdsL1L9tooDNTaw0TgOnwNuc+8Ns+haDaTifK97QLzmOANJtI/rGvw==",
      "engines": {
        "node": ">=8"
      }
    },
    "node_modules/ico-to-png": {
      "version": "0.2.2",
      "resolved": "https://registry.npmmirror.com/ico-to-png/-/ico-to-png-0.2.2.tgz",
      "integrity": "sha512-LzpFSnb3mq5O0/ONXyZKtZPXTS7S8BFM+Ns4NKDLn6WEoDGxLdjRCaapAfcBPYXdE4J3GSp9UBDVWp5eNqOSVg==",
      "dependencies": {
        "decode-ico": "^0.4.0",
        "lodepng": "^2.0.0",
        "resize-image-data": "^0.3.0"
      },
      "engines": {
        "node": ">=8.6.0"
      }
    },
    "node_modules/ieee754-buffer": {
      "version": "2.0.0",
      "resolved": "https://registry.npmmirror.com/ieee754-buffer/-/ieee754-buffer-2.0.0.tgz",
      "integrity": "sha512-AXUAT0nMEi7h1Is8HXGXof3eejl/GabZFKSj8Ym6kVRUSwrAb52EkAXywiCQYSHGQMRn7lvfY7vhPMjVc+Kybg==",
      "engines": {
        "node": ">=8"
      }
    },
    "node_modules/lodepng": {
      "version": "2.3.0",
      "resolved": "https://registry.npmmirror.com/lodepng/-/lodepng-2.3.0.tgz",
      "integrity": "sha512-h/E7SLSL1G75A9F0SBQY1TnBT9x737TFnTIuerPuerok9Te29y58p+FFCZZ/DEeYEeR+9jJ+IfgDPM89ck6U0w==",
      "hasInstallScript": true,
      "dependencies": {
        "@canvas/image-data": "^1.0.0"
      },
      "engines": {
        "node": ">=8.6.0"
      }
    },
    "node_modules/resize-image-data": {
      "version": "0.3.1",
      "resolved": "https://registry.npmmirror.com/resize-image-data/-/resize-image-data-0.3.1.tgz",
      "integrity": "sha512-6hVRn2S6W1cdycreA6Vth5XRN2NnGs7/RnVpxNw/1OCK8aCoevRFH2WprmQRZDnnH3e6awLv2tTIPuv7/7xeGg==",
      "dependencies": {
        "@canvas/image-data": "^1.0.0"
      },
      "engines": {
        "node": ">=8.6.0"
      }
    },
    "node_modules/riff-file": {
      "version": "1.0.3",
      "resolved": "https://registry.npmmirror.com/riff-file/-/riff-file-1.0.3.tgz",
      "integrity": "sha512-Vv8wwGr0BCks7VMI3Lv0houZee4DaHFjjTT0LMhMJKio2YmLncLeIVpK63ydSverngNk8XQPU3fbeP3bWgSIig==",
      "dependencies": {
        "byte-data": "^18.0.3"
      },
      "engines": {
        "node": ">=8"
      }
    },
    "node_modules/to-data-view": {
      "version": "1.1.0",
      "resolved": "https://registry.npmmirror.com/to-data-view/-/to-data-view-1.1.0.tgz",
      "integrity": "sha512-1eAdufMg6mwgmlojAx3QeMnzB/BTVp7Tbndi3U7ftcT2zCZadjxkkmLmd97zmaxWi+sgGcgWrokmpEoy0Dn0vQ=="
    },
    "node_modules/utf8-buffer": {
      "version": "1.0.0",
      "resolved": "https://registry.npmmirror.com/utf8-buffer/-/utf8-buffer-1.0.0.tgz",
      "integrity": "sha512-ueuhzvWnp5JU5CiGSY4WdKbiN/PO2AZ/lpeLiz2l38qwdLy/cW40XobgyuIWucNyum0B33bVB0owjFCeGBSLqg==",
      "engines": {
        "node": ">=8"
      }
    }
  }
}
